github.com/eatonphil/gosqlite v0.10.0 h1:5oslru1nTy0/g55+ntu237Brl1htiKQxLLpQJcdHobw=
github.com/eatonphil/gosqlite v0.10.0/go.mod h1:BQrvW3lTI1o91VIArLBHqbRX8TuWeWmDoFQOGLnJ87o=
github.com/klauspost/compress v1.18.1 h1:bcSGx7UbpBqMChDtsF28Lw6v/G94LPrrbMbdC3JH2co=
github.com/klauspost/compress v1.18.1/go.mod h1:ZQFFVG+MdnR0P+l6wpXgIL4NTtwiKIdBnrBd8Nrxr+0=
github.com/sudeep9/hlc v0.2.0 h1:zgN7kO1imT19MVPT+qqEo7e5axLUIwRwhscRQe1Php0=
github.com/sudeep9/hlc v0.2.0/go.mod h1:4kxkLe7qgaiBHrGrZKus6pVfdbza02Pc8X021SNv4yA=
